
Microsoft Visual Studio Solution File, Format Version 12.00
# Visual Studio Version 17
VisualStudioVersion = 17.13.35828.75
MinimumVisualStudioVersion = 10.0.40219.1
Project("{FAE04EC0-301F-11D3-BF4B-00C04F79EFBC}") = "WebInstituto", "WebInstituto.csproj", "{76729197-7FE1-429F-8811-8F505AF37314}"
EndProject
Global
	GlobalSection(SolutionConfigurationPlatforms) = preSolution
		Debug|Any CPU = Debug|Any CPU
		Release|Any CPU = Release|Any CPU
	EndGlobalSection
	GlobalSection(ProjectConfigurationPlatforms) = postSolution
		{76729197-7FE1-429F-8811-8F505AF37314}.Debug|Any CPU.ActiveCfg = Debug|Any CPU
		{76729197-7FE1-429F-8811-8F505AF37314}.Debug|Any CPU.Build.0 = Debug|Any CPU
		{76729197-7FE1-429F-8811-8F505AF37314}.Release|Any CPU.ActiveCfg = Release|Any CPU
		{76729197-7FE1-429F-8811-8F505AF37314}.Release|Any CPU.Build.0 = Release|Any CPU
	EndGlobalSection
	GlobalSection(SolutionProperties) = preSolution
		HideSolutionNode = FALSE
	EndGlobalSection
	GlobalSection(ExtensibilityGlobals) = postSolution
		SolutionGuid = {CC745813-F887-4EDD-8CB2-23C72CFBB686}
	EndGlobalSection
EndGlobal
